{
  "name": "sinon-stories",
  "version": "1.0.2",
  "lockfileVersion": 2,
  "requires": true,
  "packages": {
    "": {
      "name": "sinon-stories",
      "version": "1.0.2",
      "license": "CC0-1.0",
      "dependencies": {
        "node-fetch": "^2.6.1",
        "tough-cookie": "^2.5.0",
        "tough-cookie-filestore2": "^1.0.0"
      },
      "devDependencies": {
        "dotenv": "^8.2.0"
      }
    },
    "node_modules/dotenv": {
      "version": "8.2.0",
      "resolved": "https://registry.npmjs.org/dotenv/-/dotenv-8.2.0.tgz",
      "integrity": "sha512-8sJ78ElpbDJBHNeBzUbUVLsqKdccaa/BXF1uPTw3GrvQTBgrQrtObr2mUrE38vzYd8cEv+m/JBfDLioYcfXoaw==",
      "dev": true,
      "engines": {
        "node": ">=8"
      }
    },
    "node_modules/node-fetch": {
      "version": "2.6.1",
      "resolved": "https://registry.npmjs.org/node-fetch/-/node-fetch-2.6.1.tgz",
      "integrity": "sha512-V4aYg89jEoVRxRb2fJdAg8FHvI7cEyYdVAh94HH0UIK8oJxUfkjlDQN9RbMx+bEjP7+ggMiFRprSti032Oipxw==",
      "engines": {
        "node": "4.x || >=6.0.0"
      }
    },
    "node_modules/psl": {
      "version": "1.8.0",
      "resolved": "https://registry.npmjs.org/psl/-/psl-1.8.0.tgz",
      "integrity": "sha512-RIdOzyoavK+hA18OGGWDqUTsCLhtA7IcZ/6NCs4fFJaHBDab+pDDmDIByWFRQJq2Cd7r1OoQxBGKOaztq+hjIQ=="
    },
    "node_modules/punycode": {
      "version": "2.1.1",
      "resolved": "https://registry.npmjs.org/punycode/-/punycode-2.1.1.tgz",
      "integrity": "sha512-XRsRjdf+j5ml+y/6GKHPZbrF/8p2Yga0JPtdqTIY2Xe5ohJPD9saDJJLPvp9+NSBprVvevdXZybnj2cv8OEd0A==",
      "engines": {
        "node": ">=6"
      }
    },
    "node_modules/tough-cookie": {
      "version": "2.5.0",
      "resolved": "https://registry.npmjs.org/tough-cookie/-/tough-cookie-2.5.0.tgz",
      "integrity": "sha512-nlLsUzgm1kfLXSXfRZMc1KLAugd4hqJHDTvc2hDIwS3mZAfMEuMbc03SujMF+GEcpaX/qboeycw6iO8JwVv2+g==",
      "dependencies": {
        "psl": "^1.1.28",
        "punycode": "^2.1.1"
      },
      "engines": {
        "node": ">=0.8"
      }
    },
    "node_modules/tough-cookie-filestore2": {
      "version": "1.0.0",
      "resolved": "https://registry.npmjs.org/tough-cookie-filestore2/-/tough-cookie-filestore2-1.0.0.tgz",
      "integrity": "sha512-2/p7yiS7CBura7JzfCO72iuWNRbB2ot/Hz4VtiP6qcrgvYXUbeiyEUf6fz8i9gWvzOad83gOUCtg5PtLpErZug==",
      "dependencies": {
        "tough-cookie": "^2.3.3"
      }
    }
  },
  "dependencies": {
    "dotenv": {
      "version": "8.2.0",
      "resolved": "https://registry.npmjs.org/dotenv/-/dotenv-8.2.0.tgz",
      "integrity": "sha512-8sJ78ElpbDJBHNeBzUbUVLsqKdccaa/BXF1uPTw3GrvQTBgrQrtObr2mUrE38vzYd8cEv+m/JBfDLioYcfXoaw==",
      "dev": true
    },
    "node-fetch": {
      "version": "2.6.1",
      "resolved": "https://registry.npmjs.org/node-fetch/-/node-fetch-2.6.1.tgz",
      "integrity": "sha512-V4aYg89jEoVRxRb2fJdAg8FHvI7cEyYdVAh94HH0UIK8oJxUfkjlDQN9RbMx+bEjP7+ggMiFRprSti032Oipxw=="
    },
    "psl": {
      "version": "1.8.0",
      "resolved": "https://registry.npmjs.org/psl/-/psl-1.8.0.tgz",
      "integrity": "sha512-RIdOzyoavK+hA18OGGWDqUTsCLhtA7IcZ/6NCs4fFJaHBDab+pDDmDIByWFRQJq2Cd7r1OoQxBGKOaztq+hjIQ=="
    },
    "punycode": {
      "version": "2.1.1",
      "resolved": "https://registry.npmjs.org/punycode/-/punycode-2.1.1.tgz",
      "integrity": "sha512-XRsRjdf+j5ml+y/6GKHPZbrF/8p2Yga0JPtdqTIY2Xe5ohJPD9saDJJLPvp9+NSBprVvevdXZybnj2cv8OEd0A=="
    },
    "tough-cookie": {
      "version": "2.5.0",
      "resolved": "https://registry.npmjs.org/tough-cookie/-/tough-cookie-2.5.0.tgz",
      "integrity": "sha512-nlLsUzgm1kfLXSXfRZMc1KLAugd4hqJHDTvc2hDIwS3mZAfMEuMbc03SujMF+GEcpaX/qboeycw6iO8JwVv2+g==",
      "requires": {
        "psl": "^1.1.28",
        "punycode": "^2.1.1"
      }
    },
    "tough-cookie-filestore2": {
      "version": "1.0.0",
      "resolved": "https://registry.npmjs.org/tough-cookie-filestore2/-/tough-cookie-filestore2-1.0.0.tgz",
      "integrity": "sha512-2/p7yiS7CBura7JzfCO72iuWNRbB2ot/Hz4VtiP6qcrgvYXUbeiyEUf6fz8i9gWvzOad83gOUCtg5PtLpErZug==",
      "requires": {
        "tough-cookie": "^2.3.3"
      }
    }
  }
}
